// !$*UTF8*$!
{
	archiveVersion = 1;
	classes = {
	};
	objectVersion = 46;
	objects = {

/* Begin PBXBuildFile section */
		055BBB12199980FE00F5C661 /* AppDelegate.swift in Sources */ = {isa = PBXBuildFile; fileRef = 055BBB11199980FE00F5C661 /* AppDelegate.swift */; };
		055BBB14199980FE00F5C661 /* MasterViewController.swift in Sources */ = {isa = PBXBuildFile; fileRef = 055BBB13199980FE00F5C661 /* MasterViewController.swift */; };
		055BBB16199980FE00F5C661 /* DetailViewController.swift in Sources */ = {isa = PBXBuildFile; fileRef = 055BBB15199980FE00F5C661 /* DetailViewController.swift */; };
		055BBB19199980FE00F5C661 /* Main.storyboard in Resources */ = {isa = PBXBuildFile; fileRef = 055BBB17199980FE00F5C661 /* Main.storyboard */; };
		055BBB1B199980FE00F5C661 /* Images.xcassets in Resources */ = {isa = PBXBuildFile; fileRef = 055BBB1A199980FE00F5C661 /* Images.xcassets */; };
		055BBB27199980FF00F5C661 /* AppSwiftTests.swift in Sources */ = {isa = PBXBuildFile; fileRef = 055BBB26199980FF00F5C661 /* AppSwiftTests.swift */; };
/* End PBXBuildFile section */

/* Begin PBXContainerItemProxy section */
		055BBB21199980FF00F5C661 /* PBXContainerItemProxy */ = {
			isa = PBXContainerItemProxy;
			containerPortal = 055BBB04199980FE00F5C661 /* Project object */;
			proxyType = 1;
			remoteGlobalIDString = 055BBB0B199980FE00F5C661;
			remoteInfo = AppSwift;
		};
/* End PBXContainerItemProxy section */

/* Begin PBXFileReference section */
		055BBB0C199980FE00F5C661 /* AppSwift.app */ = {isa = PBXFileReference; explicitFileType = wrapper.application; includeInIndex = 0; path = AppSwift.app; sourceTree = BUILT_PRODUCTS_DIR; };
		055BBB10199980FE00F5C661 /* Info.plist */ = {isa = PBXFileReference; lastKnownFileType = text.plist.xml; path = Info.plist; sourceTree = "<group>"; };
		055BBB11199980FE00F5C661 /* AppDelegate.swift */ = {isa = PBXFileReference; lastKnownFileType = sourcecode.swift; path = AppDelegate.swift; sourceTree = "<group>"; };
		055BBB13199980FE00F5C661 /* MasterViewController.swift */ = {isa = PBXFileReference; lastKnownFileType = sourcecode.swift; path = MasterViewController.swift; sourceTree = "<group>"; };
		055BBB15199980FE00F5C661 /* DetailViewController.swift */ = {isa = PBXFileReference; lastKnownFileType = sourcecode.swift; path = DetailViewController.swift; sourceTree = "<group>"; };
		055BBB18199980FE00F5C661 /* Base */ = {isa = PBXFileReference; lastKnownFileType = file.storyboard; name = Base; path = Base.lproj/Main.storyboard; sourceTree = "<group>"; };
		055BBB1A199980FE00F5C661 /* Images.xcassets */ = {isa = PBXFileReference; lastKnownFileType = folder.assetcatalog; path = Images.xcassets; sourceTree = "<group>"; };
		055BBB20199980FF00F5C661 /* AppSwiftTests.xctest */ = {isa = PBXFileReference; explicitFileType = wrapper.cfbundle; includeInIndex = 0; path = AppSwiftTests.xctest; sourceTree = BUILT_PRODUCTS_DIR; };
		055BBB25199980FF00F5C661 /* Info.plist */ = {isa = PBXFileReference; lastKnownFileType = text.plist.xml; path = Info.plist; sourceTree = "<group>"; };
		055BBB26199980FF00F5C661 /* AppSwiftTests.swift */ = {isa = PBXFileReference; lastKnownFileType = sourcecode.swift; path = AppSwiftTests.swift; sourceTree = "<group>"; };
/* End PBXFileReference section */

/* Begin PBXFrameworksBuildPhase section */
		055BBB09199980FE00F5C661 /* Frameworks */ = {
			isa = PBXFrameworksBuildPhase;
			buildActionMask = 2147483647;
			files = (
			);
			runOnlyForDeploymentPostprocessing = 0;
		};
		055BBB1D199980FF00F5C661 /* Frameworks */ = {
			isa = PBXFrameworksBuildPhase;
			buildActionMask = 2147483647;
			files = (
			);
			runOnlyForDeploymentPostprocessing = 0;
		};
/* End PBXFrameworksBuildPhase section */

/* Begin PBXGroup section */
		055BBB03199980FE00F5C661 = {
			isa = PBXGroup;
			children = (
				055BBB0E199980FE00F5C661 /* AppSwift */,
				055BBB23199980FF00F5C661 /* AppSwiftTests */,
				055BBB0D199980FE00F5C661 /* Products */,
			);
			sourceTree = "<group>";
		};
		055BBB0D199980FE00F5C661 /* Products */ = {
			isa = PBXGroup;
			children = (
				055BBB0C199980FE00F5C661 /* AppSwift.app */,
				055BBB20199980FF00F5C661 /* AppSwiftTests.xctest */,
			);
			name = Products;
			sourceTree = "<group>";
		};
		055BBB0E199980FE00F5C661 /* AppSwift */ = {
			isa = PBXGroup;
			children = (
				055BBB11199980FE00F5C661 /* AppDelegate.swift */,
				055BBB13199980FE00F5C661 /* MasterViewController.swift */,
				055BBB15199980FE00F5C661 /* DetailViewController.swift */,
				055BBB17199980FE00F5C661 /* Main.storyboard */,
				055BBB1A199980FE00F5C661 /* Images.xcassets */,
				055BBB0F199980FE00F5C661 /* Supporting Files */,
			);
			path = AppSwift;
			sourceTree = "<group>";
		};
		055BBB0F199980FE00F5C661 /* Supporting Files */ = {
			isa = PBXGroup;
			children = (
				055BBB10199980FE00F5C661 /* Info.plist */,
			);
			name = "Supporting Files";
			sourceTree = "<group>";
		};
		055BBB23199980FF00F5C661 /* AppSwiftTests */ = {
			isa = PBXGroup;
			children = (
				055BBB26199980FF00F5C661 /* AppSwiftTests.swift */,
				055BBB24199980FF00F5C661 /* Supporting Files */,
			);
			path = AppSwiftTests;
			sourceTree = "<group>";
		};
		055BBB24199980FF00F5C661 /* Supporting Files */ = {
			isa = PBXGroup;
			children = (
				055BBB25199980FF00F5C661 /* Info.plist */,
			);
			name = "Supporting Files";
			sourceTree = "<group>";
		};
/* End PBXGroup section */

/* Begin PBXNativeTarget section */
		055BBB0B199980FE00F5C661 /* AppSwift */ = {
			isa = PBXNativeTarget;
			buildConfigurationList = 055BBB2A199980FF00F5C661 /* Build configuration list for PBXNativeTarget "AppSwift" */;
			buildPhases = (
				055BBB08199980FE00F5C661 /* Sources */,
				055BBB09199980FE00F5C661 /* Frameworks */,
				055BBB0A199980FE00F5C661 /* Resources */,
			);
			buildRules = (
			);
			dependencies = (
			);
			name = AppSwift;
			productName = AppSwift;
			productReference = 055BBB0C199980FE00F5C661 /* AppSwift.app */;
			productType = "com.apple.product-type.application";
		};
		055BBB1F199980FF00F5C661 /* AppSwiftTests */ = {
			isa = PBXNativeTarget;
			buildConfigurationList = 055BBB2D199980FF00F5C661 /* Build configuration list for PBXNativeTarget "AppSwiftTests" */;
			buildPhases = (
				055BBB1C199980FF00F5C661 /* Sources */,
				055BBB1D199980FF00F5C661 /* Frameworks */,
				055BBB1E199980FF00F5C661 /* Resources */,
			);
			buildRules = (
			);
			dependencies = (
				055BBB22199980FF00F5C661 /* PBXTargetDependency */,
			);
			name = AppSwiftTests;
			productName = AppSwiftTests;
			productReference = 055BBB20199980FF00F5C661 /* AppSwiftTests.xctest */;
			productType = "com.apple.product-type.bundle.unit-test";
		};
/* End PBXNativeTarget section */

/* Begin PBXProject section */
		055BBB04199980FE00F5C661 /* Project object */ = {
			isa = PBXProject;
			attributes = {
				LastUpgradeCheck = 0600;
				ORGANIZATIONNAME = Roscigno;
				TargetAttributes = {
					055BBB0B199980FE00F5C661 = {
						CreatedOnToolsVersion = 6.0;
					};
					055BBB1F199980FF00F5C661 = {
						CreatedOnToolsVersion = 6.0;
						TestTargetID = 055BBB0B199980FE00F5C661;
					};
				};
			};
			buildConfigurationList = 055BBB07199980FE00F5C661 /* Build configuration list for PBXProject "AppSwift" */;
			compatibilityVersion = "Xcode 3.2";
			developmentRegion = English;
			hasScannedForEncodings = 0;
			knownRegions = (
				en,
				Base,
			);
			mainGroup = 055BBB03199980FE00F5C661;
			productRefGroup = 055BBB0D199980FE00F5C661 /* Products */;
			projectDirPath = "";
			projectRoot = "";
			targets = (
				055BBB0B199980FE00F5C661 /* AppSwift */,
				055BBB1F199980FF00F5C661 /* AppSwiftTests */,
			);
		};
/* End PBXProject section */

/* Begin PBXResourcesBuildPhase section */
		055BBB0A199980FE00F5C661 /* Resources */ = {
			isa = PBXResourcesBuildPhase;
			buildActionMask = 2147483647;
			files = (
				055BBB19199980FE00F5C661 /* Main.storyboard in Resources */,
				055BBB1B199980FE00F5C661 /* Images.xcassets in Resources */,
			);
			runOnlyForDeploymentPostprocessing = 0;
		};
		055BBB1E199980FF00F5C661 /* Resources */ = {
			isa = PBXResourcesBuildPhase;
			buildActionMask = 2147483647;
			files = (
			);
			runOnlyForDeploymentPostprocessing = 0;
		};
/* End PBXResourcesBuildPhase section */

/* Begin PBXSourcesBuildPhase section */
		055BBB08199980FE00F5C661 /* Sources */ = {
			isa = PBXSourcesBuildPhase;
			buildActionMask = 2147483647;
			files = (
				055BBB16199980FE00F5C661 /* DetailViewController.swift in Sources */,
				055BBB14199980FE00F5C661 /* MasterViewController.swift in Sources */,
				055BBB12199980FE00F5C661 /* AppDelegate.swift in Sources */,
			);
			runOnlyForDeploymentPostprocessing = 0;
		};
		055BBB1C199980FF00F5C661 /* Sources */ = {
			isa = PBXSourcesBuildPhase;
			buildActionMask = 2147483647;
			files = (
				055BBB27199980FF00F5C661 /* AppSwiftTests.swift in Sources */,
			);
			runOnlyForDeploymentPostprocessing = 0;
		};
/* End PBXSourcesBuildPhase section */

/* Begin PBXTargetDependency section */
		055BBB22199980FF00F5C661 /* PBXTargetDependency */ = {
			isa = PBXTargetDependency;
			target = 055BBB0B199980FE00F5C661 /* AppSwift */;
			targetProxy = 055BBB21199980FF00F5C661 /* PBXContainerItemProxy */;
		};
/* End PBXTargetDependency section */

/* Begin PBXVariantGroup section */
		055BBB17199980FE00F5C661 /* Main.storyboard */ = {
			isa = PBXVariantGroup;
			children = (
				055BBB18199980FE00F5C661 /* Base */,
			);
			name = Main.storyboard;
			sourceTree = "<group>";
		};
/* End PBXVariantGroup section */

/* Begin XCBuildConfiguration section */
		055BBB28199980FF00F5C661 /* Debug */ = {
			isa = XCBuildConfiguration;
			buildSettings = {
				ALWAYS_SEARCH_USER_PATHS = NO;
				CLANG_CXX_LANGUAGE_STANDARD = "gnu++0x";
				CLANG_CXX_LIBRARY = "libc++";
				CLANG_ENABLE_MODULES = YES;
				CLANG_ENABLE_OBJC_ARC = YES;
				CLANG_WARN_BOOL_CONVERSION = YES;
				CLANG_WARN_CONSTANT_CONVERSION = YES;
				CLANG_WARN_DIRECT_OBJC_ISA_USAGE = YES_ERROR;
				CLANG_WARN_EMPTY_BODY = YES;
				CLANG_WARN_ENUM_CONVERSION = YES;
				CLANG_WARN_INT_CONVERSION = YES;
				CLANG_WARN_OBJC_ROOT_CLASS = YES_ERROR;
				CLANG_WARN_UNREACHABLE_CODE = YES;
				CLANG_WARN__DUPLICATE_METHOD_MATCH = YES;
				"CODE_SIGN_IDENTITY[sdk=iphoneos*]" = "iPhone Developer";
				COPY_PHASE_STRIP = NO;
				ENABLE_STRICT_OBJC_MSGSEND = YES;
				GCC_C_LANGUAGE_STANDARD = gnu99;
				GCC_DYNAMIC_NO_PIC = NO;
				GCC_OPTIMIZATION_LEVEL = 0;
				GCC_PREPROCESSOR_DEFINITIONS = (
					"DEBUG=1",
					"$(inherited)",
				);
				GCC_SYMBOLS_PRIVATE_EXTERN = NO;
				GCC_WARN_64_TO_32_BIT_CONVERSION = YES;
				GCC_WARN_ABOUT_RETURN_TYPE = YES_ERROR;
				GCC_WARN_UNDECLARED_SELECTOR = YES;
				GCC_WARN_UNINITIALIZED_AUTOS = YES_AGGRESSIVE;
				GCC_WARN_UNUSED_FUNCTION = YES;
				GCC_WARN_UNUSED_VARIABLE = YES;
				IPHONEOS_DEPLOYMENT_TARGET = 8.0;
				MTL_ENABLE_DEBUG_INFO = YES;
				ONLY_ACTIVE_ARCH = YES;
				SDKROOT = iphoneos;
				SWIFT_OPTIMIZATION_LEVEL = "-Onone";
			};
			name = Debug;
		};
		055BBB29199980FF00F5C661 /* Release */ = {
			isa = XCBuildConfiguration;
			buildSettings = {
				ALWAYS_SEARCH_USER_PATHS = NO;
				CLANG_CXX_LANGUAGE_STANDARD = "gnu++0x";
				CLANG_CXX_LIBRARY = "libc++";
				CLANG_ENABLE_MODULES = YES;
				CLANG_ENABLE_OBJC_ARC = YES;
				CLANG_WARN_BOOL_CONVERSION = YES;
				CLANG_WARN_CONSTANT_CONVERSION = YES;
				CLANG_WARN_DIRECT_OBJC_ISA_USAGE = YES_ERROR;
				CLANG_WARN_EMPTY_BODY = YES;
				CLANG_WARN_ENUM_CONVERSION = YES;
				CLANG_WARN_INT_CONVERSION = YES;
				CLANG_WARN_OBJC_ROOT_CLASS = YES_ERROR;
				CLANG_WARN_UNREACHABLE_CODE = YES;
				CLANG_WARN__DUPLICATE_METHOD_MATCH = YES;
				"CODE_SIGN_IDENTITY[sdk=iphoneos*]" = "iPhone Developer";
				COPY_PHASE_STRIP = YES;
				ENABLE_NS_ASSERTIONS = NO;
				ENABLE_STRICT_OBJC_MSGSEND = YES;
				GCC_C_LANGUAGE_STANDARD = gnu99;
				GCC_WARN_64_TO_32_BIT_CONVERSION = YES;
				GCC_WARN_ABOUT_RETURN_TYPE = YES_ERROR;
				GCC_WARN_UNDECLARED_SELECTOR = YES;
				GCC_WARN_UNINITIALIZED_AUTOS = YES_AGGRESSIVE;
				GCC_WARN_UNUSED_FUNCTION = YES;
				GCC_WARN_UNUSED_VARIABLE = YES;
				IPHONEOS_DEPLOYMENT_TARGET = 8.0;
				MTL_ENABLE_DEBUG_INFO = NO;
				SDKROOT = iphoneos;
				VALIDATE_PRODUCT = YES;
			};
			name = Release;
		};
		055BBB2B199980FF00F5C661 /* Debug */ = {
			isa = XCBuildConfiguration;
			buildSettings = {
				ASSETCATALOG_COMPILER_APPICON_NAME = AppIcon;
				ASSETCATALOG_COMPILER_LAUNCHIMAGE_NAME = LaunchImage;
				INFOPLIST_FILE = AppSwift/Info.plist;
				LD_RUNPATH_SEARCH_PATHS = "$(inherited) @executable_path/Frameworks";
				PRODUCT_NAME = "$(TARGET_NAME)";
			};
			name = Debug;
		};
		055BBB2C199980FF00F5C661 /* Release */ = {
			isa = XCBuildConfiguration;
			buildSettings = {
				ASSETCATALOG_COMPILER_APPICON_NAME = AppIcon;
				ASSETCATALOG_COMPILER_LAUNCHIMAGE_NAME = LaunchImage;
				INFOPLIST_FILE = AppSwift/Info.plist;
				LD_RUNPATH_SEARCH_PATHS = "$(inherited) @executable_path/Frameworks";
				PRODUCT_NAME = "$(TARGET_NAME)";
			};
			name = Release;
		};
		055BBB2E199980FF00F5C661 /* Debug */ = {
			isa = XCBuildConfiguration;
			buildSettings = {
				BUNDLE_LOADER = "$(TEST_HOST)";
				FRAMEWORK_SEARCH_PATHS = (
					"$(SDKROOT)/Developer/Library/Frameworks",
					"$(inherited)",
				);
				GCC_PREPROCESSOR_DEFINITIONS = (
					"DEBUG=1",
					"$(inherited)",
				);
				INFOPLIST_FILE = AppSwiftTests/Info.plist;
				LD_RUNPATH_SEARCH_PATHS = "$(inherited) @executable_path/Frameworks @loader_path/Frameworks";
				PRODUCT_NAME = "$(TARGET_NAME)";
				TEST_HOST = "$(BUILT_PRODUCTS_DIR)/AppSwift.app/AppSwift";
			};
			name = Debug;
		};
		055BBB2F199980FF00F5C661 /* Release */ = {
			isa = XCBuildConfiguration;
			buildSettings = {
				BUNDLE_LOADER = "$(TEST_HOST)";
				FRAMEWORK_SEARCH_PATHS = (
					"$(SDKROOT)/Developer/Library/Frameworks",
					"$(inherited)",
				);
				INFOPLIST_FILE = AppSwiftTests/Info.plist;
				LD_RUNPATH_SEARCH_PATHS = "$(inherited) @executable_path/Frameworks @loader_path/Frameworks";
				PRODUCT_NAME = "$(TARGET_NAME)";
				TEST_HOST = "$(BUILT_PRODUCTS_DIR)/AppSwift.app/AppSwift";
			};
			name = Release;
		};
/* End XCBuildConfiguration section */

/* Begin XCConfigurationList section */
		055BBB07199980FE00F5C661 /* Build configuration list for PBXProject "AppSwift" */ = {
			isa = XCConfigurationList;
			buildConfigurations = (
				055BBB28199980FF00F5C661 /* Debug */,
				055BBB29199980FF00F5C661 /* Release */,
			);
			defaultConfigurationIsVisible = 0;
			defaultConfigurationName = Release;
		};
		055BBB2A199980FF00F5C661 /* Build configuration list for PBXNativeTarget "AppSwift" */ = {
			isa = XCConfigurationList;
			buildConfigurations = (
				055BBB2B199980FF00F5C661 /* Debug */,
				055BBB2C199980FF00F5C661 /* Release */,
			);
			defaultConfigurationIsVisible = 0;
		};
		055BBB2D199980FF00F5C661 /* Build configuration list for PBXNativeTarget "AppSwiftTests" */ = {
			isa = XCConfigurationList;
			buildConfigurations = (
				055BBB2E199980FF00F5C661 /* Debug */,
				055BBB2F199980FF00F5C661 /* Release */,
			);
			defaultConfigurationIsVisible = 0;
		};
/* End XCConfigurationList section */
	};
	rootObject = 055BBB04199980FE00F5C661 /* Project object */;
}
